
Microsoft Visual Studio Solution File, Format Version 12.00
# Visual Studio Version 17
VisualStudioVersion = 17.4.33213.308
MinimumVisualStudioVersion = 10.0.40219.1
Project("{2150E333-8FDC-42A3-9474-1A3956D46DE8}") = "Creational", "Creational", "{FC5ECEBA-0962-48FE-A57E-A5EE62D84739}"
EndProject
Project("{9A19103F-16F7-4668-BE54-9A1E7A4F7556}") = "Singleton", "Creational\Singleton\Singleton.csproj", "{7FBA3BDB-DA00-4D17-8D88-229337012DC3}"
EndProject
Project("{2150E333-8FDC-42A3-9474-1A3956D46DE8}") = "Structural", "Structural", "{2140DF85-4DA6-4CC2-B5FA-FA6CDEE23535}"
EndProject
Project("{FAE04EC0-301F-11D3-BF4B-00C04F79EFBC}") = "Adapter", "Structural\Adapter\Adapter.csproj", "{B86EA354-B566-49BA-ADD7-DCDB1C608022}"
EndProject
Project("{FAE04EC0-301F-11D3-BF4B-00C04F79EFBC}") = "FactoryMethod", "Creational\FactoryMethod\FactoryMethod.csproj", "{D8AA159D-B31E-4457-91E9-CA678D2FD9F8}"
EndProject
Global
	GlobalSection(SolutionConfigurationPlatforms) = preSolution
		Debug|Any CPU = Debug|Any CPU
		Release|Any CPU = Release|Any CPU
	EndGlobalSection
	GlobalSection(ProjectConfigurationPlatforms) = postSolution
		{7FBA3BDB-DA00-4D17-8D88-229337012DC3}.Debug|Any CPU.ActiveCfg = Debug|Any CPU
		{7FBA3BDB-DA00-4D17-8D88-229337012DC3}.Debug|Any CPU.Build.0 = Debug|Any CPU
		{7FBA3BDB-DA00-4D17-8D88-229337012DC3}.Release|Any CPU.ActiveCfg = Release|Any CPU
		{7FBA3BDB-DA00-4D17-8D88-229337012DC3}.Release|Any CPU.Build.0 = Release|Any CPU
		{B86EA354-B566-49BA-ADD7-DCDB1C608022}.Debug|Any CPU.ActiveCfg = Debug|Any CPU
		{B86EA354-B566-49BA-ADD7-DCDB1C608022}.Debug|Any CPU.Build.0 = Debug|Any CPU
		{B86EA354-B566-49BA-ADD7-DCDB1C608022}.Release|Any CPU.ActiveCfg = Release|Any CPU
		{B86EA354-B566-49BA-ADD7-DCDB1C608022}.Release|Any CPU.Build.0 = Release|Any CPU
		{D8AA159D-B31E-4457-91E9-CA678D2FD9F8}.Debug|Any CPU.ActiveCfg = Debug|Any CPU
		{D8AA159D-B31E-4457-91E9-CA678D2FD9F8}.Debug|Any CPU.Build.0 = Debug|Any CPU
		{D8AA159D-B31E-4457-91E9-CA678D2FD9F8}.Release|Any CPU.ActiveCfg = Release|Any CPU
		{D8AA159D-B31E-4457-91E9-CA678D2FD9F8}.Release|Any CPU.Build.0 = Release|Any CPU
	EndGlobalSection
	GlobalSection(SolutionProperties) = preSolution
		HideSolutionNode = FALSE
	EndGlobalSection
	GlobalSection(NestedProjects) = preSolution
		{7FBA3BDB-DA00-4D17-8D88-229337012DC3} = {FC5ECEBA-0962-48FE-A57E-A5EE62D84739}
		{B86EA354-B566-49BA-ADD7-DCDB1C608022} = {2140DF85-4DA6-4CC2-B5FA-FA6CDEE23535}
		{D8AA159D-B31E-4457-91E9-CA678D2FD9F8} = {FC5ECEBA-0962-48FE-A57E-A5EE62D84739}
	EndGlobalSection
	GlobalSection(ExtensibilityGlobals) = postSolution
		SolutionGuid = {E93A3EE6-1942-421E-BE8D-4DF117EDABC0}
	EndGlobalSection
EndGlobal
