
Microsoft Visual Studio Solution File, Format Version 12.00
# Visual Studio Version 17
VisualStudioVersion = 17.4.33213.308
MinimumVisualStudioVersion = 10.0.40219.1
Project("{2150E333-8FDC-42A3-9474-1A3956D46DE8}") = "Creational", "Creational", "{FC5ECEBA-0962-48FE-A57E-A5EE62D84739}"
EndProject
Project("{9A19103F-16F7-4668-BE54-9A1E7A4F7556}") = "Singleton", "Creational\Singleton\Singleton.csproj", "{7FBA3BDB-DA00-4D17-8D88-229337012DC3}"
EndProject
Project("{2150E333-8FDC-42A3-9474-1A3956D46DE8}") = "Structural", "Structural", "{2140DF85-4DA6-4CC2-B5FA-FA6CDEE23535}"
EndProject
Project("{FAE04EC0-301F-11D3-BF4B-00C04F79EFBC}") = "Adapter", "Structural\Adapter\Adapter.csproj", "{B86EA354-B566-49BA-ADD7-DCDB1C608022}"
EndProject
Project("{FAE04EC0-301F-11D3-BF4B-00C04F79EFBC}") = "FactoryMethod", "Creational\FactoryMethod\FactoryMethod.csproj", "{D8AA159D-B31E-4457-91E9-CA678D2FD9F8}"
EndProject
Project("{FAE04EC0-301F-11D3-BF4B-00C04F79EFBC}") = "AbstractFactory", "Creational\AbstractFactory\AbstractFactory.csproj", "{6FF44208-4409-407C-AABA-4C45A28C9C35}"
EndProject
Project("{FAE04EC0-301F-11D3-BF4B-00C04F79EFBC}") = "Prototype", "Creational\Prototype\Prototype.csproj", "{EF2ABFF8-A3E0-43D2-BB89-B2EE0788A775}"
EndProject
Project("{FAE04EC0-301F-11D3-BF4B-00C04F79EFBC}") = "Builder", "Creational\Builder\Builder.csproj", "{6B56FC55-0D86-454E-A8AD-3DD9FDCFA947}"
EndProject
Project("{FAE04EC0-301F-11D3-BF4B-00C04F79EFBC}") = "Composite", "Structural\Composite\Composite.csproj", "{7F8B4C2C-3DE5-4B2F-A6D4-5C4687714590}"
EndProject
Global
	GlobalSection(SolutionConfigurationPlatforms) = preSolution
		Debug|Any CPU = Debug|Any CPU
		Release|Any CPU = Release|Any CPU
	EndGlobalSection
	GlobalSection(ProjectConfigurationPlatforms) = postSolution
		{7FBA3BDB-DA00-4D17-8D88-229337012DC3}.Debug|Any CPU.ActiveCfg = Debug|Any CPU
		{7FBA3BDB-DA00-4D17-8D88-229337012DC3}.Debug|Any CPU.Build.0 = Debug|Any CPU
		{7FBA3BDB-DA00-4D17-8D88-229337012DC3}.Release|Any CPU.ActiveCfg = Release|Any CPU
		{7FBA3BDB-DA00-4D17-8D88-229337012DC3}.Release|Any CPU.Build.0 = Release|Any CPU
		{B86EA354-B566-49BA-ADD7-DCDB1C608022}.Debug|Any CPU.ActiveCfg = Debug|Any CPU
		{B86EA354-B566-49BA-ADD7-DCDB1C608022}.Debug|Any CPU.Build.0 = Debug|Any CPU
		{B86EA354-B566-49BA-ADD7-DCDB1C608022}.Release|Any CPU.ActiveCfg = Release|Any CPU
		{B86EA354-B566-49BA-ADD7-DCDB1C608022}.Release|Any CPU.Build.0 = Release|Any CPU
		{D8AA159D-B31E-4457-91E9-CA678D2FD9F8}.Debug|Any CPU.ActiveCfg = Debug|Any CPU
		{D8AA159D-B31E-4457-91E9-CA678D2FD9F8}.Debug|Any CPU.Build.0 = Debug|Any CPU
		{D8AA159D-B31E-4457-91E9-CA678D2FD9F8}.Release|Any CPU.ActiveCfg = Release|Any CPU
		{D8AA159D-B31E-4457-91E9-CA678D2FD9F8}.Release|Any CPU.Build.0 = Release|Any CPU
		{6FF44208-4409-407C-AABA-4C45A28C9C35}.Debug|Any CPU.ActiveCfg = Debug|Any CPU
		{6FF44208-4409-407C-AABA-4C45A28C9C35}.Debug|Any CPU.Build.0 = Debug|Any CPU
		{6FF44208-4409-407C-AABA-4C45A28C9C35}.Release|Any CPU.ActiveCfg = Release|Any CPU
		{6FF44208-4409-407C-AABA-4C45A28C9C35}.Release|Any CPU.Build.0 = Release|Any CPU
		{EF2ABFF8-A3E0-43D2-BB89-B2EE0788A775}.Debug|Any CPU.ActiveCfg = Debug|Any CPU
		{EF2ABFF8-A3E0-43D2-BB89-B2EE0788A775}.Debug|Any CPU.Build.0 = Debug|Any CPU
		{EF2ABFF8-A3E0-43D2-BB89-B2EE0788A775}.Release|Any CPU.ActiveCfg = Release|Any CPU
		{EF2ABFF8-A3E0-43D2-BB89-B2EE0788A775}.Release|Any CPU.Build.0 = Release|Any CPU
		{6B56FC55-0D86-454E-A8AD-3DD9FDCFA947}.Debug|Any CPU.ActiveCfg = Debug|Any CPU
		{6B56FC55-0D86-454E-A8AD-3DD9FDCFA947}.Debug|Any CPU.Build.0 = Debug|Any CPU
		{6B56FC55-0D86-454E-A8AD-3DD9FDCFA947}.Release|Any CPU.ActiveCfg = Release|Any CPU
		{6B56FC55-0D86-454E-A8AD-3DD9FDCFA947}.Release|Any CPU.Build.0 = Release|Any CPU
		{7F8B4C2C-3DE5-4B2F-A6D4-5C4687714590}.Debug|Any CPU.ActiveCfg = Debug|Any CPU
		{7F8B4C2C-3DE5-4B2F-A6D4-5C4687714590}.Debug|Any CPU.Build.0 = Debug|Any CPU
		{7F8B4C2C-3DE5-4B2F-A6D4-5C4687714590}.Release|Any CPU.ActiveCfg = Release|Any CPU
		{7F8B4C2C-3DE5-4B2F-A6D4-5C4687714590}.Release|Any CPU.Build.0 = Release|Any CPU
	EndGlobalSection
	GlobalSection(SolutionProperties) = preSolution
		HideSolutionNode = FALSE
	EndGlobalSection
	GlobalSection(NestedProjects) = preSolution
		{7FBA3BDB-DA00-4D17-8D88-229337012DC3} = {FC5ECEBA-0962-48FE-A57E-A5EE62D84739}
		{B86EA354-B566-49BA-ADD7-DCDB1C608022} = {2140DF85-4DA6-4CC2-B5FA-FA6CDEE23535}
		{D8AA159D-B31E-4457-91E9-CA678D2FD9F8} = {FC5ECEBA-0962-48FE-A57E-A5EE62D84739}
		{6FF44208-4409-407C-AABA-4C45A28C9C35} = {FC5ECEBA-0962-48FE-A57E-A5EE62D84739}
		{EF2ABFF8-A3E0-43D2-BB89-B2EE0788A775} = {FC5ECEBA-0962-48FE-A57E-A5EE62D84739}
		{6B56FC55-0D86-454E-A8AD-3DD9FDCFA947} = {FC5ECEBA-0962-48FE-A57E-A5EE62D84739}
		{7F8B4C2C-3DE5-4B2F-A6D4-5C4687714590} = {2140DF85-4DA6-4CC2-B5FA-FA6CDEE23535}
	EndGlobalSection
	GlobalSection(ExtensibilityGlobals) = postSolution
		SolutionGuid = {E93A3EE6-1942-421E-BE8D-4DF117EDABC0}
	EndGlobalSection
EndGlobal
